
Microsoft Visual Studio Solution File, Format Version 12.00
# Visual Studio 14
VisualStudioVersion = 14.0.25123.0
MinimumVisualStudioVersion = 10.0.40219.1
Project("{E24C65DC-7377-472B-9ABA-BC803B73C61A}") = "AcumaticaDemo53", "http://localhost/AcumaticaDemo53", "{8D3B9728-E7ED-4163-9E1C-4D2AB72F3464}"
	ProjectSection(WebsiteProperties) = preProject
		UseIISExpress = "false"
		TargetFrameworkMoniker = ".NETFramework,Version%3Dv4.5.1"
		ProjectReferences = "{347eb52b-75da-43a9-adb1-41f30bd51e63}|PX.SM.BoxStorageProvider.dll;"
		Debug.AspNetCompiler.VirtualPath = "/AcumaticaDemo53"
		Debug.AspNetCompiler.PhysicalPath = "..\..\Program Files (x86)\Acumatica ERP\AcumaticaDemo53\"
		Debug.AspNetCompiler.TargetPath = "PrecompiledWeb\AcumaticaDemo53\"
		Debug.AspNetCompiler.Updateable = "true"
		Debug.AspNetCompiler.ForceOverwrite = "true"
		Debug.AspNetCompiler.FixedNames = "false"
		Debug.AspNetCompiler.Debug = "True"
		Release.AspNetCompiler.VirtualPath = "/AcumaticaDemo53"
		Release.AspNetCompiler.PhysicalPath = "..\..\Program Files (x86)\Acumatica ERP\AcumaticaDemo53\"
		Release.AspNetCompiler.TargetPath = "PrecompiledWeb\AcumaticaDemo53\"
		Release.AspNetCompiler.Updateable = "true"
		Release.AspNetCompiler.ForceOverwrite = "true"
		Release.AspNetCompiler.FixedNames = "false"
		Release.AspNetCompiler.Debug = "False"
		SlnRelativePath = "..\..\Program Files (x86)\Acumatica ERP\AcumaticaDemo53\"
	EndProjectSection
EndProject
Project("{FAE04EC0-301F-11D3-BF4B-00C04F79EFBC}") = "PX.SM.BoxStorageProvider", "PX.SM.BoxStorageProvider\PX.SM.BoxStorageProvider.csproj", "{347EB52B-75DA-43A9-ADB1-41F30BD51E63}"
EndProject
Project("{FAE04EC0-301F-11D3-BF4B-00C04F79EFBC}") = "BoxStorageProvider.Tests", "BoxStorageProvider.Tests\BoxStorageProvider.Tests.csproj", "{7A15AFE6-564E-4D63-83DD-037E831B25E8}"
EndProject
Global
	GlobalSection(SolutionConfigurationPlatforms) = preSolution
		Debug|Any CPU = Debug|Any CPU
		Release|Any CPU = Release|Any CPU
	EndGlobalSection
	GlobalSection(ProjectConfigurationPlatforms) = postSolution
		{8D3B9728-E7ED-4163-9E1C-4D2AB72F3464}.Debug|Any CPU.ActiveCfg = Debug|Any CPU
		{8D3B9728-E7ED-4163-9E1C-4D2AB72F3464}.Debug|Any CPU.Build.0 = Debug|Any CPU
		{8D3B9728-E7ED-4163-9E1C-4D2AB72F3464}.Release|Any CPU.ActiveCfg = Debug|Any CPU
		{8D3B9728-E7ED-4163-9E1C-4D2AB72F3464}.Release|Any CPU.Build.0 = Debug|Any CPU
		{347EB52B-75DA-43A9-ADB1-41F30BD51E63}.Debug|Any CPU.ActiveCfg = Debug|Any CPU
		{347EB52B-75DA-43A9-ADB1-41F30BD51E63}.Debug|Any CPU.Build.0 = Debug|Any CPU
		{347EB52B-75DA-43A9-ADB1-41F30BD51E63}.Release|Any CPU.ActiveCfg = Release|Any CPU
		{347EB52B-75DA-43A9-ADB1-41F30BD51E63}.Release|Any CPU.Build.0 = Release|Any CPU
		{7A15AFE6-564E-4D63-83DD-037E831B25E8}.Debug|Any CPU.ActiveCfg = Debug|Any CPU
		{7A15AFE6-564E-4D63-83DD-037E831B25E8}.Debug|Any CPU.Build.0 = Debug|Any CPU
		{7A15AFE6-564E-4D63-83DD-037E831B25E8}.Release|Any CPU.ActiveCfg = Release|Any CPU
		{7A15AFE6-564E-4D63-83DD-037E831B25E8}.Release|Any CPU.Build.0 = Release|Any CPU
	EndGlobalSection
	GlobalSection(SolutionProperties) = preSolution
		HideSolutionNode = FALSE
	EndGlobalSection
EndGlobal
