
Microsoft Visual Studio Solution File, Format Version 12.00
# Visual Studio 15
VisualStudioVersion = 15.0.26403.0
MinimumVisualStudioVersion = 10.0.40219.1
Project("{FAE04EC0-301F-11D3-BF4B-00C04F79EFBC}") = "PX.SM.BoxStorageProvider", "PX.SM.BoxStorageProvider\PX.SM.BoxStorageProvider.csproj", "{347EB52B-75DA-43A9-ADB1-41F30BD51E63}"
EndProject
Project("{FAE04EC0-301F-11D3-BF4B-00C04F79EFBC}") = "Box.V2", "..\acumatica-box-windows-sdk-v2\Box.V2\Box.V2.csproj", "{740075F5-8B88-4B8A-A75A-564F66359607}"
EndProject
Project("{E24C65DC-7377-472B-9ABA-BC803B73C61A}") = "Box5.30.1749", "..\..\Program Files (x86)\Acumatica ERP\Box5.30.1749\", "{CDF3786F-450D-46B0-8BA6-7C9C6CB8D9F8}"
	ProjectSection(WebsiteProperties) = preProject
		TargetFrameworkMoniker = ".NETFramework,Version%3Dv4.5.1"
		ProjectReferences = "{740075f5-8b88-4b8a-a75a-564f66359607}|Box.V2.dll;{347eb52b-75da-43a9-adb1-41f30bd51e63}|PX.SM.BoxStorageProvider.dll;"
		Debug.AspNetCompiler.VirtualPath = "/localhost_54233"
		Debug.AspNetCompiler.PhysicalPath = "..\..\Program Files (x86)\Acumatica ERP\Box5.30.1749\"
		Debug.AspNetCompiler.TargetPath = "PrecompiledWeb\localhost_54233\"
		Debug.AspNetCompiler.Updateable = "true"
		Debug.AspNetCompiler.ForceOverwrite = "true"
		Debug.AspNetCompiler.FixedNames = "false"
		Debug.AspNetCompiler.Debug = "True"
		Release.AspNetCompiler.VirtualPath = "/localhost_54233"
		Release.AspNetCompiler.PhysicalPath = "..\..\Program Files (x86)\Acumatica ERP\Box5.30.1749\"
		Release.AspNetCompiler.TargetPath = "PrecompiledWeb\localhost_54233\"
		Release.AspNetCompiler.Updateable = "true"
		Release.AspNetCompiler.ForceOverwrite = "true"
		Release.AspNetCompiler.FixedNames = "false"
		Release.AspNetCompiler.Debug = "False"
		VWDPort = "54233"
		SlnRelativePath = "..\..\Program Files (x86)\Acumatica ERP\Box5.30.1749\"
	EndProjectSection
EndProject
Global
	GlobalSection(SolutionConfigurationPlatforms) = preSolution
		Debug|Any CPU = Debug|Any CPU
		Release|Any CPU = Release|Any CPU
	EndGlobalSection
	GlobalSection(ProjectConfigurationPlatforms) = postSolution
		{347EB52B-75DA-43A9-ADB1-41F30BD51E63}.Debug|Any CPU.ActiveCfg = Debug|Any CPU
		{347EB52B-75DA-43A9-ADB1-41F30BD51E63}.Debug|Any CPU.Build.0 = Debug|Any CPU
		{347EB52B-75DA-43A9-ADB1-41F30BD51E63}.Release|Any CPU.ActiveCfg = Release|Any CPU
		{347EB52B-75DA-43A9-ADB1-41F30BD51E63}.Release|Any CPU.Build.0 = Release|Any CPU
		{740075F5-8B88-4B8A-A75A-564F66359607}.Debug|Any CPU.ActiveCfg = Debug|Any CPU
		{740075F5-8B88-4B8A-A75A-564F66359607}.Debug|Any CPU.Build.0 = Debug|Any CPU
		{740075F5-8B88-4B8A-A75A-564F66359607}.Release|Any CPU.ActiveCfg = Release|Any CPU
		{740075F5-8B88-4B8A-A75A-564F66359607}.Release|Any CPU.Build.0 = Release|Any CPU
		{CDF3786F-450D-46B0-8BA6-7C9C6CB8D9F8}.Debug|Any CPU.ActiveCfg = Debug|Any CPU
		{CDF3786F-450D-46B0-8BA6-7C9C6CB8D9F8}.Debug|Any CPU.Build.0 = Debug|Any CPU
		{CDF3786F-450D-46B0-8BA6-7C9C6CB8D9F8}.Release|Any CPU.ActiveCfg = Debug|Any CPU
		{CDF3786F-450D-46B0-8BA6-7C9C6CB8D9F8}.Release|Any CPU.Build.0 = Debug|Any CPU
	EndGlobalSection
	GlobalSection(SolutionProperties) = preSolution
		HideSolutionNode = FALSE
	EndGlobalSection
EndGlobal
